<Solution>
  <Project Path="../../tests/Todo.Tests.Unit/Todo.Tests.Unit.csproj" />
  <Project Path="Todo.Api/Todo.Api.csproj" />
  <Project Path="Todo.Application/Todo.Application.csproj" />
  <Project Path="Todo.Core/Todo.Core.csproj" />
  <Project Path="Todo.Infrastructure/Todo.Infrastructure.csproj" />
  <Project Path="Todo.UnitTests/Todo.UnitTests.csproj" />
</Solution>
